{
    "_readme": [
        "This file locks the dependencies of your project to a known state",
        "Read more about it at http://getcomposer.org/doc/01-basic-usage.md#composer-lock-the-lock-file",
        "This file is @generated automatically"
    ],
    "hash": "241870b4f8fc33d6efa385d115d3905e",
    "packages": [
        {
            "name": "bigcommerce/api",
            "version": "2.0.7",
            "source": {
                "type": "git",
                "url": "https://github.com/bigcommerce/bigcommerce-api-php.git",
                "reference": "cf034e331735c48a136841e3946b953a6e2e4b47"
            },
            "dist": {
                "type": "zip",
                "url": "https://api.github.com/repos/bigcommerce/bigcommerce-api-php/zipball/cf034e331735c48a136841e3946b953a6e2e4b47",
                "reference": "cf034e331735c48a136841e3946b953a6e2e4b47",
                "shasum": ""
            },
            "require": {
                "php": ">=5.3.0"
            },
            "require-dev": {
                "codeless/jugglecode": "1.0",
                "phpunit/phpunit": "3.7",
                "satooshi/php-coveralls": "dev-master"
            },
            "type": "library",
            "autoload": {
                "psr-0": {
                    "Bigcommerce": "src/"
                }
            },
            "notification-url": "https://packagist.org/downloads/",
            "license": [
                "MIT"
            ],
            "authors": [
                {
                    "name": "Bigcommerce",
                    "homepage": "http://www.bigcommerce.com"
                }
            ],
            "description": "Enables PHP applications to communicate with the Bigcommerce API.",
            "homepage": "http://developer.bigcommerce.com",
            "keywords": [
                "api",
                "business",
                "ecommerce",
                "http",
                "rest"
            ],
            "time": "2013-11-11 23:35:23"
        },
        {
            "name": "dg/ftp-php",
            "version": "v1.1.0",
            "source": {
                "type": "git",
                "url": "https://github.com/dg/ftp-php.git",
                "reference": "a15a2bade37b8a3ac9cee680e4fdd5eb58085c57"
            },
            "dist": {
                "type": "zip",
                "url": "https://api.github.com/repos/dg/ftp-php/zipball/a15a2bade37b8a3ac9cee680e4fdd5eb58085c57",
                "reference": "a15a2bade37b8a3ac9cee680e4fdd5eb58085c57",
                "shasum": ""
            },
            "type": "library",
            "autoload": {
                "classmap": [
                    "src/"
                ]
            },
            "notification-url": "https://packagist.org/downloads/",
            "license": [
                "BSD-3-Clause"
            ],
            "authors": [
                {
                    "name": "David Grudl",
                    "homepage": "http://davidgrudl.com"
                }
            ],
            "description": "Easy-to-use library for accessing FTP servers",
            "homepage": "https://github.com/dg/ftp-php",
            "keywords": [
                "ftp"
            ],
            "time": "2014-06-02 20:24:52"
        }
    ],
    "packages-dev": [],
    "aliases": [],
    "minimum-stability": "stable",
    "stability-flags": [],
    "prefer-stable": false,
    "platform": [],
    "platform-dev": []
}
